[[package]]
name = "babelfish"
version = "0.6.0"
description = "A module to work with countries and languages"
category = "main"
optional = false
python-versions = ">=3.6,<4.0"

[[package]]
name = "beautifulsoup4"
version = "4.11.1"
description = "Screen-scraping library"
category = "main"
optional = false
python-versions = ">=3.6.0"

[package.dependencies]
soupsieve = ">1.2"

[package.extras]
html5lib = ["html5lib"]
lxml = ["lxml"]

[[package]]
name = "bencode.py"
version = "4.0.0"
description = "Simple bencode parser (for Python 2, Python 3 and PyPy)"
category = "main"
optional = false
python-versions = "*"

[[package]]
name = "certifi"
version = "2022.12.7"
description = "Python package for providing Mozilla's CA Bundle."
category = "main"
optional = false
python-versions = ">=3.6"

[[package]]
name = "charset-normalizer"
version = "2.1.1"
description = "The Real First Universal Charset Detector. Open, modern and actively maintained alternative to Chardet."
category = "main"
optional = false
python-versions = ">=3.6.0"

[package.extras]
unicode-backport = ["unicodedata2"]

[[package]]
name = "click"
version = "8.1.3"
description = "Composable command line interface toolkit"
category = "main"
optional = false
python-versions = ">=3.7"

[package.dependencies]
colorama = {version = "*", markers = "platform_system == \"Windows\""}
importlib-metadata = {version = "*", markers = "python_version < \"3.8\""}

[[package]]
name = "colorama"
version = "0.4.6"
description = "Cross-platform colored terminal text."
category = "main"
optional = false
python-versions = "!=3.0.*,!=3.1.*,!=3.2.*,!=3.3.*,!=3.4.*,!=3.5.*,!=3.6.*,>=2.7"

[[package]]
name = "deluge-client"
version = "1.9.0"
description = "Simple Deluge Client"
category = "main"
optional = false
python-versions = "*"

[[package]]
name = "docutils"
version = "0.19"
description = "Docutils -- Python Documentation Utilities"
category = "main"
optional = false
python-versions = ">=3.7"

[[package]]
name = "dynaconf"
version = "3.1.11"
description = "The dynamic configurator for your Python Project"
category = "main"
optional = false
python-versions = ">=3.7"

[package.dependencies]
toml = {version = "*", optional = true, markers = "extra == \"toml\""}

[package.extras]
all = ["configobj", "hvac", "redis", "ruamel.yaml"]
configobj = ["configobj"]
ini = ["configobj"]
redis = ["redis"]
test = ["codecov", "configobj", "django", "flake8", "flake8-debugger", "flake8-print", "flake8-todo", "flask (>=0.12)", "hvac", "pep8-naming", "pytest", "pytest-cov", "pytest-mock", "pytest-xdist", "python-dotenv", "radon", "redis", "toml"]
toml = ["toml"]
vault = ["hvac"]
yaml = ["ruamel.yaml"]

[[package]]
name = "guessit"
version = "3.5.0"
description = "GuessIt - a library for guessing information from video filenames."
category = "main"
optional = false
python-versions = "*"

[package.dependencies]
babelfish = ">=0.6.0"
importlib-resources = {version = "*", markers = "python_version < \"3.9\""}
python-dateutil = "*"
rebulk = ">=3.1.0"

[package.extras]
dev = ["mkdocs", "mkdocs-material", "pyinstaller", "python-semantic-release", "tox"]
test = ["PyYAML", "pylint", "pytest", "pytest-benchmark", "pytest-cov", "pytest-mock"]

[[package]]
name = "humanize"
version = "4.4.0"
description = "Python humanize utilities"
category = "main"
optional = false
python-versions = ">=3.7"

[package.dependencies]
importlib-metadata = {version = "*", markers = "python_version < \"3.8\""}

[package.extras]
tests = ["freezegun", "pytest", "pytest-cov"]

[[package]]
name = "idna"
version = "3.4"
description = "Internationalized Domain Names in Applications (IDNA)"
category = "main"
optional = false
python-versions = ">=3.5"

[[package]]
name = "importlib-metadata"
version = "5.1.0"
description = "Read metadata from Python packages"
category = "main"
optional = false
python-versions = ">=3.7"

[package.dependencies]
typing-extensions = {version = ">=3.6.4", markers = "python_version < \"3.8\""}
zipp = ">=0.5"

[package.extras]
docs = ["furo", "jaraco.packaging (>=9)", "jaraco.tidelift (>=1.4)", "rst.linker (>=1.9)", "sphinx (>=3.5)"]
perf = ["ipython"]
testing = ["flake8 (<5)", "flufl.flake8", "importlib-resources (>=1.3)", "packaging", "pyfakefs", "pytest (>=6)", "pytest-black (>=0.3.7)", "pytest-checkdocs (>=2.4)", "pytest-cov", "pytest-enabler (>=1.3)", "pytest-flake8", "pytest-mypy (>=0.9.1)", "pytest-perf (>=0.9.2)"]

[[package]]
name = "importlib-resources"
version = "5.10.1"
description = "Read resources from Python packages"
category = "main"
optional = false
python-versions = ">=3.7"

[package.dependencies]
zipp = {version = ">=3.1.0", markers = "python_version < \"3.10\""}

[package.extras]
docs = ["furo", "jaraco.packaging (>=9)", "jaraco.tidelift (>=1.4)", "rst.linker (>=1.9)", "sphinx (>=3.5)"]
testing = ["flake8 (<5)", "pytest (>=6)", "pytest-black (>=0.3.7)", "pytest-checkdocs (>=2.4)", "pytest-cov", "pytest-enabler (>=1.3)", "pytest-flake8", "pytest-mypy (>=0.9.1)"]

[[package]]
name = "inotify"
version = "0.2.10"
description = "An adapter to Linux kernel support for inotify directory-watching."
category = "main"
optional = false
python-versions = "*"

[package.dependencies]
nose = "*"

[[package]]
name = "Jinja2"
version = "3.1.2"
description = "A very fast and expressive template engine."
category = "main"
optional = false
python-versions = ">=3.7"

[package.dependencies]
MarkupSafe = ">=2.0"

[package.extras]
i18n = ["Babel (>=2.7)"]

[[package]]
name = "libtc"
version = "1.3.4"
description = "Bittorrent client library"
category = "main"
optional = false
python-versions = "*"

[package.dependencies]
click = ">=8.0,<9.0"
deluge-client = ">=1.9.0,<1.10.0"
publicsuffixlist = ">=0.7.3,<0.8.0"
pytz = "*"
requests = "*"
tabulate = ">=0.8.7,<0.9.0"

[package.extras]
liltorrent = ["Flask (>=1.1.2,<1.2.0)", "waitress (>=1.4.3,<1.5.0)"]

[[package]]
name = "lockfile"
version = "0.12.2"
description = "Platform-independent file locking module"
category = "main"
optional = false
python-versions = "*"

[[package]]
name = "MarkupSafe"
version = "2.1.1"
description = "Safely add untrusted strings to HTML/XML markup."
category = "main"
optional = false
python-versions = ">=3.7"

[[package]]
name = "nose"
version = "1.3.7"
description = "nose extends unittest to make testing easier"
category = "main"
optional = false
python-versions = "*"

[[package]]
name = "parsimonious"
version = "0.10.0"
description = "(Soon to be) the fastest pure-Python PEG parser I could muster"
category = "main"
optional = false
python-versions = "*"

[package.dependencies]
regex = ">=2022.3.15"

[[package]]
name = "prometheus-client"
version = "0.14.1"
description = "Python client for the Prometheus monitoring system."
category = "main"
optional = false
python-versions = ">=3.6"

[package.extras]
twisted = ["twisted"]

[[package]]
name = "prompt-toolkit"
version = "3.0.33"
description = "Library for building powerful interactive command lines in Python"
category = "main"
optional = false
python-versions = ">=3.6.2"

[package.dependencies]
wcwidth = "*"

[[package]]
name = "publicsuffixlist"
version = "0.7.14"
description = "publicsuffixlist implement"
category = "main"
optional = false
python-versions = ">=2.6"

[package.extras]
readme = ["pandoc"]
update = ["requests"]

[[package]]
name = "pyrosimple"
version = "2.4.0"
description = "A stripped-down version of the pyrocore tools for working with rTorrent"
category = "main"
optional = false
python-versions = ">=3.7,<4"

[package.dependencies]
"bencode.py" = ">=4.0.0,<5.0.0"
dynaconf = {version = ">=3.1.0,<4.0.0", extras = ["toml"]}
importlib-resources = {version = ">=5.4.0,<6.0.0", markers = "python_version < \"3.9\""}
inotify = ">=0.2.10,<0.3.0"
Jinja2 = ">=3.1.0,<4.0.0"
parsimonious = ">=0.10.0,<0.11.0"
prometheus-client = ">=0.14.1,<0.15.0"
prompt-toolkit = ">=3.0.30,<4.0.0"
python-daemon = ">=2.3.0,<3.0.0"
requests = ">=2.28.1,<3.0.0"
shtab = ">=1.5.5,<2.0.0"

[package.extras]
torque = ["APScheduler (>=3.9.0,<4.0.0)"]

[[package]]
name = "python-daemon"
version = "2.3.2"
description = "Library to implement a well-behaved Unix daemon process."
category = "main"
optional = false
python-versions = ">=3"

[package.dependencies]
docutils = "*"
lockfile = ">=0.10"
setuptools = "*"

[package.extras]
devel = ["coverage", "docutils", "testscenarios (>=0.4)", "testtools", "twine"]
test = ["coverage", "docutils", "testscenarios (>=0.4)", "testtools"]

[[package]]
name = "python-dateutil"
version = "2.8.2"
description = "Extensions to the standard Python datetime module"
category = "main"
optional = false
python-versions = "!=3.0.*,!=3.1.*,!=3.2.*,>=2.7"

[package.dependencies]
six = ">=1.5"

[[package]]
name = "pytz"
version = "2022.6"
description = "World timezone definitions, modern and historical"
category = "main"
optional = false
python-versions = "*"

[[package]]
name = "rebulk"
version = "3.1.0"
description = "Rebulk - Define simple search patterns in bulk to perform advanced matching on any string."
category = "main"
optional = false
python-versions = "*"

[package.extras]
dev = ["pylint", "pytest", "tox"]
native = ["regex"]
test = ["pylint", "pytest"]

[[package]]
name = "regex"
version = "2022.10.31"
description = "Alternative regular expression module, to replace re."
category = "main"
optional = false
python-versions = ">=3.6"

[[package]]
name = "requests"
version = "2.28.1"
description = "Python HTTP for Humans."
category = "main"
optional = false
python-versions = ">=3.7, <4"

[package.dependencies]
certifi = ">=2017.4.17"
charset-normalizer = ">=2,<3"
idna = ">=2.5,<4"
urllib3 = ">=1.21.1,<1.27"

[package.extras]
socks = ["PySocks (>=1.5.6,!=1.5.7)"]
use-chardet-on-py3 = ["chardet (>=3.0.2,<6)"]

[[package]]
name = "setuptools"
version = "65.6.3"
description = "Easily download, build, install, upgrade, and uninstall Python packages"
category = "main"
optional = false
python-versions = ">=3.7"

[package.extras]
docs = ["furo", "jaraco.packaging (>=9)", "jaraco.tidelift (>=1.4)", "pygments-github-lexers (==0.0.5)", "rst.linker (>=1.9)", "sphinx (>=3.5)", "sphinx-favicon", "sphinx-hoverxref (<2)", "sphinx-inline-tabs", "sphinx-notfound-page (==0.8.3)", "sphinx-reredirects", "sphinxcontrib-towncrier"]
testing = ["build[virtualenv]", "filelock (>=3.4.0)", "flake8 (<5)", "flake8-2020", "ini2toml[lite] (>=0.9)", "jaraco.envs (>=2.2)", "jaraco.path (>=3.2.0)", "pip (>=19.1)", "pip-run (>=8.8)", "pytest (>=6)", "pytest-black (>=0.3.7)", "pytest-checkdocs (>=2.4)", "pytest-cov", "pytest-enabler (>=1.3)", "pytest-flake8", "pytest-mypy (>=0.9.1)", "pytest-perf", "pytest-timeout", "pytest-xdist", "tomli-w (>=1.0.0)", "virtualenv (>=13.0.0)", "wheel"]
testing-integration = ["build[virtualenv]", "filelock (>=3.4.0)", "jaraco.envs (>=2.2)", "jaraco.path (>=3.2.0)", "pytest", "pytest-enabler", "pytest-xdist", "tomli", "virtualenv (>=13.0.0)", "wheel"]

[[package]]
name = "shtab"
version = "1.5.8"
description = "Automagic shell tab completion for Python CLI applications"
category = "main"
optional = false
python-versions = ">=3.7"

[[package]]
name = "six"
version = "1.16.0"
description = "Python 2 and 3 compatibility utilities"
category = "main"
optional = false
python-versions = ">=2.7, !=3.0.*, !=3.1.*, !=3.2.*"

[[package]]
name = "soupsieve"
version = "2.3.2.post1"
description = "A modern CSS selector implementation for Beautiful Soup."
category = "main"
optional = false
python-versions = ">=3.6"

[[package]]
name = "tabulate"
version = "0.8.10"
description = "Pretty-print tabular data"
category = "main"
optional = false
python-versions = ">=2.7, !=3.0.*, !=3.1.*, !=3.2.*, !=3.3.*, !=3.4.*"

[package.extras]
widechars = ["wcwidth"]

[[package]]
name = "Tempita"
version = "0.5.2"
description = "A very small text templating language"
category = "main"
optional = false
python-versions = "*"

[[package]]
name = "toml"
version = "0.10.2"
description = "Python Library for Tom's Obvious, Minimal Language"
category = "main"
optional = false
python-versions = ">=2.6, !=3.0.*, !=3.1.*, !=3.2.*"

[[package]]
name = "typing-extensions"
version = "4.4.0"
description = "Backported and Experimental Type Hints for Python 3.7+"
category = "main"
optional = false
python-versions = ">=3.7"

[[package]]
name = "urllib3"
version = "1.26.13"
description = "HTTP library with thread-safe connection pooling, file post, and more."
category = "main"
optional = false
python-versions = ">=2.7, !=3.0.*, !=3.1.*, !=3.2.*, !=3.3.*, !=3.4.*, !=3.5.*"

[package.extras]
brotli = ["brotli (>=1.0.9)", "brotlicffi (>=0.8.0)", "brotlipy (>=0.6.0)"]
secure = ["certifi", "cryptography (>=1.3.4)", "idna (>=2.0.0)", "ipaddress", "pyOpenSSL (>=0.14)", "urllib3-secure-extra"]
socks = ["PySocks (>=1.5.6,!=1.5.7,<2.0)"]

[[package]]
name = "wcwidth"
version = "0.2.5"
description = "Measures the displayed width of unicode strings in a terminal"
category = "main"
optional = false
python-versions = "*"

[[package]]
name = "zipp"
version = "3.11.0"
description = "Backport of pathlib-compatible object wrapper for zip files"
category = "main"
optional = false
python-versions = ">=3.7"

[package.extras]
docs = ["furo", "jaraco.packaging (>=9)", "jaraco.tidelift (>=1.4)", "rst.linker (>=1.9)", "sphinx (>=3.5)"]
testing = ["flake8 (<5)", "func-timeout", "jaraco.functools", "jaraco.itertools", "more-itertools", "pytest (>=6)", "pytest-black (>=0.3.7)", "pytest-checkdocs (>=2.4)", "pytest-cov", "pytest-enabler (>=1.3)", "pytest-flake8", "pytest-mypy (>=0.9.1)"]

[metadata]
lock-version = "1.1"
python-versions = ">=3.7,<4.0"
content-hash = "fa9a2a6f4d6cdabfe683fd51ccbcc6d0f8ee7f5a97dd9d7ba19198b994125e94"

[metadata.files]
babelfish = [
    {file = "babelfish-0.6.0-py3-none-any.whl", hash = "sha256:268f1c6279f2a04a66837972e8a9f3dcc68e16f1201eec57d2a4b828a8b41b11"},
    {file = "babelfish-0.6.0.tar.gz", hash = "sha256:2dadfadd1b205ca5fa5dc9fa637f5b7933160a0418684c7c46a7a664033208a2"},
]
beautifulsoup4 = [
    {file = "beautifulsoup4-4.11.1-py3-none-any.whl", hash = "sha256:58d5c3d29f5a36ffeb94f02f0d786cd53014cf9b3b3951d42e0080d8a9498d30"},
    {file = "beautifulsoup4-4.11.1.tar.gz", hash = "sha256:ad9aa55b65ef2808eb405f46cf74df7fcb7044d5cbc26487f96eb2ef2e436693"},
]
"bencode.py" = [
    {file = "bencode.py-4.0.0-py2.py3-none-any.whl", hash = "sha256:99c06a55764e85ffe81622fdf9ee78bd737bad3ea61d119784a54bb28860d962"},
    {file = "bencode.py-4.0.0.tar.gz", hash = "sha256:2a24ccda1725a51a650893d0b63260138359eaa299bb6e7a09961350a2a6e05c"},
]
certifi = [
    {file = "certifi-2022.12.7-py3-none-any.whl", hash = "sha256:4ad3232f5e926d6718ec31cfc1fcadfde020920e278684144551c91769c7bc18"},
    {file = "certifi-2022.12.7.tar.gz", hash = "sha256:35824b4c3a97115964b408844d64aa14db1cc518f6562e8d7261699d1350a9e3"},
]
charset-normalizer = [
    {file = "charset-normalizer-2.1.1.tar.gz", hash = "sha256:5a3d016c7c547f69d6f81fb0db9449ce888b418b5b9952cc5e6e66843e9dd845"},
    {file = "charset_normalizer-2.1.1-py3-none-any.whl", hash = "sha256:83e9a75d1911279afd89352c68b45348559d1fc0506b054b346651b5e7fee29f"},
]
click = [
    {file = "click-8.1.3-py3-none-any.whl", hash = "sha256:bb4d8133cb15a609f44e8213d9b391b0809795062913b383c62be0ee95b1db48"},
    {file = "click-8.1.3.tar.gz", hash = "sha256:7682dc8afb30297001674575ea00d1814d808d6a36af415a82bd481d37ba7b8e"},
]
colorama = [
    {file = "colorama-0.4.6-py2.py3-none-any.whl", hash = "sha256:4f1d9991f5acc0ca119f9d443620b77f9d6b33703e51011c16baf57afb285fc6"},
    {file = "colorama-0.4.6.tar.gz", hash = "sha256:08695f5cb7ed6e0531a20572697297273c47b8cae5a63ffc6d6ed5c201be6e44"},
]
deluge-client = [
    {file = "deluge-client-1.9.0.tar.gz", hash = "sha256:0d2f12108a147d44590c8df63997fcb32f8b2fbc18f8cbb221f0136e2e372b85"},
    {file = "deluge_client-1.9.0-py2.py3-none-any.whl", hash = "sha256:3ee0db7b1da4f55c3210886ca0647d18eaa2f739b7215735424304412484ac06"},
]
docutils = [
    {file = "docutils-0.19-py3-none-any.whl", hash = "sha256:5e1de4d849fee02c63b040a4a3fd567f4ab104defd8a5511fbbc24a8a017efbc"},
    {file = "docutils-0.19.tar.gz", hash = "sha256:33995a6753c30b7f577febfc2c50411fec6aac7f7ffeb7c4cfe5991072dcf9e6"},
]
dynaconf = [
    {file = "dynaconf-3.1.11-py2.py3-none-any.whl", hash = "sha256:87e0b3b12b5db9e8fb465e1f8c7fdb926cd2ec5b6d88aa7f821f316df93fb165"},
    {file = "dynaconf-3.1.11.tar.gz", hash = "sha256:d9cfb50fd4a71a543fd23845d4f585b620b6ff6d9d3cc1825c614f7b2097cb39"},
]
guessit = [
    {file = "guessit-3.5.0-py3-none-any.whl", hash = "sha256:616040afb9430941659da47f8d5d2b9db1e2e587db8627d57e711ea4888f9561"},
    {file = "guessit-3.5.0.tar.gz", hash = "sha256:7a269e3a57cc073e61b56259893eab3c5c02d1ad8acbc8ae2e78c5e839f110bc"},
]
humanize = [
    {file = "humanize-4.4.0-py3-none-any.whl", hash = "sha256:8830ebf2d65d0395c1bd4c79189ad71e023f277c2c7ae00f263124432e6f2ffa"},
    {file = "humanize-4.4.0.tar.gz", hash = "sha256:efb2584565cc86b7ea87a977a15066de34cdedaf341b11c851cfcfd2b964779c"},
]
idna = [
    {file = "idna-3.4-py3-none-any.whl", hash = "sha256:90b77e79eaa3eba6de819a0c442c0b4ceefc341a7a2ab77d7562bf49f425c5c2"},
    {file = "idna-3.4.tar.gz", hash = "sha256:814f528e8dead7d329833b91c5faa87d60bf71824cd12a7530b5526063d02cb4"},
]
importlib-metadata = [
    {file = "importlib_metadata-5.1.0-py3-none-any.whl", hash = "sha256:d84d17e21670ec07990e1044a99efe8d615d860fd176fc29ef5c306068fda313"},
    {file = "importlib_metadata-5.1.0.tar.gz", hash = "sha256:d5059f9f1e8e41f80e9c56c2ee58811450c31984dfa625329ffd7c0dad88a73b"},
]
importlib-resources = [
    {file = "importlib_resources-5.10.1-py3-none-any.whl", hash = "sha256:c09b067d82e72c66f4f8eb12332f5efbebc9b007c0b6c40818108c9870adc363"},
    {file = "importlib_resources-5.10.1.tar.gz", hash = "sha256:32bb095bda29741f6ef0e5278c42df98d135391bee5f932841efc0041f748dc3"},
]
inotify = [
    {file = "inotify-0.2.10-py2-none-any.whl", hash = "sha256:397f8785450e41f606fe4eb6f5e8e0a1c70b354b56495225fc6c6fe7e07db0c9"},
    {file = "inotify-0.2.10.tar.gz", hash = "sha256:974a623a338482b62e16d4eb705fb863ed33ec178680fc3e96ccdf0df6c02a07"},
]
Jinja2 = [
    {file = "Jinja2-3.1.2-py3-none-any.whl", hash = "sha256:6088930bfe239f0e6710546ab9c19c9ef35e29792895fed6e6e31a023a182a61"},
    {file = "Jinja2-3.1.2.tar.gz", hash = "sha256:31351a702a408a9e7595a8fc6150fc3f43bb6bf7e319770cbc0db9df9437e852"},
]
libtc = [
    {file = "libtc-1.3.4-py3-none-any.whl", hash = "sha256:40c258e349c0ce125fedc29905f770d20e1fc66edc9f501c937af46c523a2dc1"},
    {file = "libtc-1.3.4.tar.gz", hash = "sha256:965a7c41096a69d003122955e2663ebc9e5cc8db9080a49d6f1d41b1b79f9927"},
]
lockfile = [
    {file = "lockfile-0.12.2-py2.py3-none-any.whl", hash = "sha256:6c3cb24f344923d30b2785d5ad75182c8ea7ac1b6171b08657258ec7429d50fa"},
    {file = "lockfile-0.12.2.tar.gz", hash = "sha256:6aed02de03cba24efabcd600b30540140634fc06cfa603822d508d5361e9f799"},
]
MarkupSafe = [
    {file = "MarkupSafe-2.1.1-cp310-cp310-macosx_10_9_universal2.whl", hash = "sha256:86b1f75c4e7c2ac2ccdaec2b9022845dbb81880ca318bb7a0a01fbf7813e3812"},
    {file = "MarkupSafe-2.1.1-cp310-cp310-macosx_10_9_x86_64.whl", hash = "sha256:f121a1420d4e173a5d96e47e9a0c0dcff965afdf1626d28de1460815f7c4ee7a"},
    {file = "MarkupSafe-2.1.1-cp310-cp310-manylinux_2_17_aarch64.manylinux2014_aarch64.whl", hash = "sha256:a49907dd8420c5685cfa064a1335b6754b74541bbb3706c259c02ed65b644b3e"},
    {file = "MarkupSafe-2.1.1-cp310-cp310-manylinux_2_17_x86_64.manylinux2014_x86_64.whl", hash = "sha256:10c1bfff05d95783da83491be968e8fe789263689c02724e0c691933c52994f5"},
    {file = "MarkupSafe-2.1.1-cp310-cp310-manylinux_2_5_i686.manylinux1_i686.manylinux_2_17_i686.manylinux2014_i686.whl", hash = "sha256:b7bd98b796e2b6553da7225aeb61f447f80a1ca64f41d83612e6139ca5213aa4"},
    {file = "MarkupSafe-2.1.1-cp310-cp310-musllinux_1_1_aarch64.whl", hash = "sha256:b09bf97215625a311f669476f44b8b318b075847b49316d3e28c08e41a7a573f"},
    {file = "MarkupSafe-2.1.1-cp310-cp310-musllinux_1_1_i686.whl", hash = "sha256:694deca8d702d5db21ec83983ce0bb4b26a578e71fbdbd4fdcd387daa90e4d5e"},
    {file = "MarkupSafe-2.1.1-cp310-cp310-musllinux_1_1_x86_64.whl", hash = "sha256:efc1913fd2ca4f334418481c7e595c00aad186563bbc1ec76067848c7ca0a933"},
    {file = "MarkupSafe-2.1.1-cp310-cp310-win32.whl", hash = "sha256:4a33dea2b688b3190ee12bd7cfa29d39c9ed176bda40bfa11099a3ce5d3a7ac6"},
    {file = "MarkupSafe-2.1.1-cp310-cp310-win_amd64.whl", hash = "sha256:dda30ba7e87fbbb7eab1ec9f58678558fd9a6b8b853530e176eabd064da81417"},
    {file = "MarkupSafe-2.1.1-cp37-cp37m-macosx_10_9_x86_64.whl", hash = "sha256:671cd1187ed5e62818414afe79ed29da836dde67166a9fac6d435873c44fdd02"},
    {file = "MarkupSafe-2.1.1-cp37-cp37m-manylinux_2_17_aarch64.manylinux2014_aarch64.whl", hash = "sha256:3799351e2336dc91ea70b034983ee71cf2f9533cdff7c14c90ea126bfd95d65a"},
    {file = "MarkupSafe-2.1.1-cp37-cp37m-manylinux_2_17_x86_64.manylinux2014_x86_64.whl", hash = "sha256:e72591e9ecd94d7feb70c1cbd7be7b3ebea3f548870aa91e2732960fa4d57a37"},
    {file = "MarkupSafe-2.1.1-cp37-cp37m-manylinux_2_5_i686.manylinux1_i686.manylinux_2_17_i686.manylinux2014_i686.whl", hash = "sha256:6fbf47b5d3728c6aea2abb0589b5d30459e369baa772e0f37a0320185e87c980"},
    {file = "MarkupSafe-2.1.1-cp37-cp37m-musllinux_1_1_aarch64.whl", hash = "sha256:d5ee4f386140395a2c818d149221149c54849dfcfcb9f1debfe07a8b8bd63f9a"},
    {file = "MarkupSafe-2.1.1-cp37-cp37m-musllinux_1_1_i686.whl", hash = "sha256:bcb3ed405ed3222f9904899563d6fc492ff75cce56cba05e32eff40e6acbeaa3"},
    {file = "MarkupSafe-2.1.1-cp37-cp37m-musllinux_1_1_x86_64.whl", hash = "sha256:e1c0b87e09fa55a220f058d1d49d3fb8df88fbfab58558f1198e08c1e1de842a"},
    {file = "MarkupSafe-2.1.1-cp37-cp37m-win32.whl", hash = "sha256:8dc1c72a69aa7e082593c4a203dcf94ddb74bb5c8a731e4e1eb68d031e8498ff"},
    {file = "MarkupSafe-2.1.1-cp37-cp37m-win_amd64.whl", hash = "sha256:97a68e6ada378df82bc9f16b800ab77cbf4b2fada0081794318520138c088e4a"},
    {file = "MarkupSafe-2.1.1-cp38-cp38-macosx_10_9_universal2.whl", hash = "sha256:e8c843bbcda3a2f1e3c2ab25913c80a3c5376cd00c6e8c4a86a89a28c8dc5452"},
    {file = "MarkupSafe-2.1.1-cp38-cp38-macosx_10_9_x86_64.whl", hash = "sha256:0212a68688482dc52b2d45013df70d169f542b7394fc744c02a57374a4207003"},
    {file = "MarkupSafe-2.1.1-cp38-cp38-manylinux_2_17_aarch64.manylinux2014_aarch64.whl", hash = "sha256:8e576a51ad59e4bfaac456023a78f6b5e6e7651dcd383bcc3e18d06f9b55d6d1"},
    {file = "MarkupSafe-2.1.1-cp38-cp38-manylinux_2_17_x86_64.manylinux2014_x86_64.whl", hash = "sha256:4b9fe39a2ccc108a4accc2676e77da025ce383c108593d65cc909add5c3bd601"},
    {file = "MarkupSafe-2.1.1-cp38-cp38-manylinux_2_5_i686.manylinux1_i686.manylinux_2_17_i686.manylinux2014_i686.whl", hash = "sha256:96e37a3dc86e80bf81758c152fe66dbf60ed5eca3d26305edf01892257049925"},
    {file = "MarkupSafe-2.1.1-cp38-cp38-musllinux_1_1_aarch64.whl", hash = "sha256:6d0072fea50feec76a4c418096652f2c3238eaa014b2f94aeb1d56a66b41403f"},
    {file = "MarkupSafe-2.1.1-cp38-cp38-musllinux_1_1_i686.whl", hash = "sha256:089cf3dbf0cd6c100f02945abeb18484bd1ee57a079aefd52cffd17fba910b88"},
    {file = "MarkupSafe-2.1.1-cp38-cp38-musllinux_1_1_x86_64.whl", hash = "sha256:6a074d34ee7a5ce3effbc526b7083ec9731bb3cbf921bbe1d3005d4d2bdb3a63"},
    {file = "MarkupSafe-2.1.1-cp38-cp38-win32.whl", hash = "sha256:421be9fbf0ffe9ffd7a378aafebbf6f4602d564d34be190fc19a193232fd12b1"},
    {file = "MarkupSafe-2.1.1-cp38-cp38-win_amd64.whl", hash = "sha256:fc7b548b17d238737688817ab67deebb30e8073c95749d55538ed473130ec0c7"},
    {file = "MarkupSafe-2.1.1-cp39-cp39-macosx_10_9_universal2.whl", hash = "sha256:e04e26803c9c3851c931eac40c695602c6295b8d432cbe78609649ad9bd2da8a"},
    {file = "MarkupSafe-2.1.1-cp39-cp39-macosx_10_9_x86_64.whl", hash = "sha256:b87db4360013327109564f0e591bd2a3b318547bcef31b468a92ee504d07ae4f"},
    {file = "MarkupSafe-2.1.1-cp39-cp39-manylinux_2_17_aarch64.manylinux2014_aarch64.whl", hash = "sha256:99a2a507ed3ac881b975a2976d59f38c19386d128e7a9a18b7df6fff1fd4c1d6"},
    {file = "MarkupSafe-2.1.1-cp39-cp39-manylinux_2_17_x86_64.manylinux2014_x86_64.whl", hash = "sha256:56442863ed2b06d19c37f94d999035e15ee982988920e12a5b4ba29b62ad1f77"},
    {file = "MarkupSafe-2.1.1-cp39-cp39-manylinux_2_5_i686.manylinux1_i686.manylinux_2_17_i686.manylinux2014_i686.whl", hash = "sha256:3ce11ee3f23f79dbd06fb3d63e2f6af7b12db1d46932fe7bd8afa259a5996603"},
    {file = "MarkupSafe-2.1.1-cp39-cp39-musllinux_1_1_aarch64.whl", hash = "sha256:33b74d289bd2f5e527beadcaa3f401e0df0a89927c1559c8566c066fa4248ab7"},
    {file = "MarkupSafe-2.1.1-cp39-cp39-musllinux_1_1_i686.whl", hash = "sha256:43093fb83d8343aac0b1baa75516da6092f58f41200907ef92448ecab8825135"},
    {file = "MarkupSafe-2.1.1-cp39-cp39-musllinux_1_1_x86_64.whl", hash = "sha256:8e3dcf21f367459434c18e71b2a9532d96547aef8a871872a5bd69a715c15f96"},
    {file = "MarkupSafe-2.1.1-cp39-cp39-win32.whl", hash = "sha256:d4306c36ca495956b6d568d276ac11fdd9c30a36f1b6eb928070dc5360b22e1c"},
    {file = "MarkupSafe-2.1.1-cp39-cp39-win_amd64.whl", hash = "sha256:46d00d6cfecdde84d40e572d63735ef81423ad31184100411e6e3388d405e247"},
    {file = "MarkupSafe-2.1.1.tar.gz", hash = "sha256:7f91197cc9e48f989d12e4e6fbc46495c446636dfc81b9ccf50bb0ec74b91d4b"},
]
nose = [
    {file = "nose-1.3.7-py2-none-any.whl", hash = "sha256:dadcddc0aefbf99eea214e0f1232b94f2fa9bd98fa8353711dacb112bfcbbb2a"},
    {file = "nose-1.3.7-py3-none-any.whl", hash = "sha256:9ff7c6cc443f8c51994b34a667bbcf45afd6d945be7477b52e97516fd17c53ac"},
    {file = "nose-1.3.7.tar.gz", hash = "sha256:f1bffef9cbc82628f6e7d7b40d7e255aefaa1adb6a1b1d26c69a8b79e6208a98"},
]
parsimonious = [
    {file = "parsimonious-0.10.0-py3-none-any.whl", hash = "sha256:982ab435fabe86519b57f6b35610aa4e4e977e9f02a14353edf4bbc75369fc0f"},
    {file = "parsimonious-0.10.0.tar.gz", hash = "sha256:8281600da180ec8ae35427a4ab4f7b82bfec1e3d1e52f80cb60ea82b9512501c"},
]
prometheus-client = [
    {file = "prometheus_client-0.14.1-py3-none-any.whl", hash = "sha256:522fded625282822a89e2773452f42df14b5a8e84a86433e3f8a189c1d54dc01"},
    {file = "prometheus_client-0.14.1.tar.gz", hash = "sha256:5459c427624961076277fdc6dc50540e2bacb98eebde99886e59ec55ed92093a"},
]
prompt-toolkit = [
    {file = "prompt_toolkit-3.0.33-py3-none-any.whl", hash = "sha256:ced598b222f6f4029c0800cefaa6a17373fb580cd093223003475ce32805c35b"},
    {file = "prompt_toolkit-3.0.33.tar.gz", hash = "sha256:535c29c31216c77302877d5120aef6c94ff573748a5b5ca5b1b1f76f5e700c73"},
]
publicsuffixlist = [
    {file = "publicsuffixlist-0.7.14-py2.py3-none-any.whl", hash = "sha256:cc2b74179184a27d9e23b09913d5035b8b040f9e4bfbe47bacf688c15371487f"},
    {file = "publicsuffixlist-0.7.14.tar.gz", hash = "sha256:3b24ad28a7d96b966187b5cbb9f217b06d07ed294cfbfc2a9ca5afcced70cdd5"},
]
pyrosimple = [
    {file = "pyrosimple-2.4.0-py3-none-any.whl", hash = "sha256:37fcded945af8346875d24b15438283dc46cae4a5e0aa90fa82eda2317e1a67a"},
    {file = "pyrosimple-2.4.0.tar.gz", hash = "sha256:e34ed233fcaa1a4a1bdcc2a03aca3024fa815604bdaf7005ebbe5c5169903090"},
]
python-daemon = [
    {file = "python-daemon-2.3.2.tar.gz", hash = "sha256:3deeb808e72b6b89f98611889e11cc33754f5b2c1517ecfa1aaf25f402051fb5"},
    {file = "python_daemon-2.3.2-py3-none-any.whl", hash = "sha256:01d26358598f8c3f5fc6de553e2f3080ffc59cf89102d7ee8098f33c72b3c04c"},
]
python-dateutil = [
    {file = "python-dateutil-2.8.2.tar.gz", hash = "sha256:0123cacc1627ae19ddf3c27a5de5bd67ee4586fbdd6440d9748f8abb483d3e86"},
    {file = "python_dateutil-2.8.2-py2.py3-none-any.whl", hash = "sha256:961d03dc3453ebbc59dbdea9e4e11c5651520a876d0f4db161e8674aae935da9"},
]
pytz = [
    {file = "pytz-2022.6-py2.py3-none-any.whl", hash = "sha256:222439474e9c98fced559f1709d89e6c9cbf8d79c794ff3eb9f8800064291427"},
    {file = "pytz-2022.6.tar.gz", hash = "sha256:e89512406b793ca39f5971bc999cc538ce125c0e51c27941bef4568b460095e2"},
]
rebulk = [
    {file = "rebulk-3.1.0-py3-none-any.whl", hash = "sha256:e56550ae25a822111bff8c8f5eeea14cb44f406e9a9ce67ad4e350253b2fff6c"},
    {file = "rebulk-3.1.0.tar.gz", hash = "sha256:809de3a97c68afa831f7101b10d316fe62e061dc9f7f67a44b7738128721173a"},
]
regex = [
    {file = "regex-2022.10.31-cp310-cp310-macosx_10_9_x86_64.whl", hash = "sha256:a8ff454ef0bb061e37df03557afda9d785c905dab15584860f982e88be73015f"},
    {file = "regex-2022.10.31-cp310-cp310-macosx_11_0_arm64.whl", hash = "sha256:1eba476b1b242620c266edf6325b443a2e22b633217a9835a52d8da2b5c051f9"},
    {file = "regex-2022.10.31-cp310-cp310-manylinux_2_17_aarch64.manylinux2014_aarch64.whl", hash = "sha256:d0e5af9a9effb88535a472e19169e09ce750c3d442fb222254a276d77808620b"},
    {file = "regex-2022.10.31-cp310-cp310-manylinux_2_17_ppc64le.manylinux2014_ppc64le.whl", hash = "sha256:d03fe67b2325cb3f09be029fd5da8df9e6974f0cde2c2ac6a79d2634e791dd57"},
    {file = "regex-2022.10.31-cp310-cp310-manylinux_2_17_s390x.manylinux2014_s390x.whl", hash = "sha256:a9d0b68ac1743964755ae2d89772c7e6fb0118acd4d0b7464eaf3921c6b49dd4"},
    {file = "regex-2022.10.31-cp310-cp310-manylinux_2_17_x86_64.manylinux2014_x86_64.whl", hash = "sha256:8a45b6514861916c429e6059a55cf7db74670eaed2052a648e3e4d04f070e001"},
    {file = "regex-2022.10.31-cp310-cp310-manylinux_2_5_i686.manylinux1_i686.manylinux_2_17_i686.manylinux2014_i686.whl", hash = "sha256:8b0886885f7323beea6f552c28bff62cbe0983b9fbb94126531693ea6c5ebb90"},
    {file = "regex-2022.10.31-cp310-cp310-manylinux_2_5_x86_64.manylinux1_x86_64.manylinux_2_12_x86_64.manylinux2010_x86_64.whl", hash = "sha256:5aefb84a301327ad115e9d346c8e2760009131d9d4b4c6b213648d02e2abe144"},
    {file = "regex-2022.10.31-cp310-cp310-musllinux_1_1_aarch64.whl", hash = "sha256:702d8fc6f25bbf412ee706bd73019da5e44a8400861dfff7ff31eb5b4a1276dc"},
    {file = "regex-2022.10.31-cp310-cp310-musllinux_1_1_i686.whl", hash = "sha256:a3c1ebd4ed8e76e886507c9eddb1a891673686c813adf889b864a17fafcf6d66"},
    {file = "regex-2022.10.31-cp310-cp310-musllinux_1_1_ppc64le.whl", hash = "sha256:50921c140561d3db2ab9f5b11c5184846cde686bb5a9dc64cae442926e86f3af"},
    {file = "regex-2022.10.31-cp310-cp310-musllinux_1_1_s390x.whl", hash = "sha256:7db345956ecce0c99b97b042b4ca7326feeec6b75facd8390af73b18e2650ffc"},
    {file = "regex-2022.10.31-cp310-cp310-musllinux_1_1_x86_64.whl", hash = "sha256:763b64853b0a8f4f9cfb41a76a4a85a9bcda7fdda5cb057016e7706fde928e66"},
    {file = "regex-2022.10.31-cp310-cp310-win32.whl", hash = "sha256:44136355e2f5e06bf6b23d337a75386371ba742ffa771440b85bed367c1318d1"},
    {file = "regex-2022.10.31-cp310-cp310-win_amd64.whl", hash = "sha256:bfff48c7bd23c6e2aec6454aaf6edc44444b229e94743b34bdcdda2e35126cf5"},
    {file = "regex-2022.10.31-cp311-cp311-macosx_10_9_x86_64.whl", hash = "sha256:4b4b1fe58cd102d75ef0552cf17242705ce0759f9695334a56644ad2d83903fe"},
    {file = "regex-2022.10.31-cp311-cp311-macosx_11_0_arm64.whl", hash = "sha256:542e3e306d1669b25936b64917285cdffcd4f5c6f0247636fec037187bd93542"},
    {file = "regex-2022.10.31-cp311-cp311-manylinux_2_17_aarch64.manylinux2014_aarch64.whl", hash = "sha256:c27cc1e4b197092e50ddbf0118c788d9977f3f8f35bfbbd3e76c1846a3443df7"},
    {file = "regex-2022.10.31-cp311-cp311-manylinux_2_17_ppc64le.manylinux2014_ppc64le.whl", hash = "sha256:b8e38472739028e5f2c3a4aded0ab7eadc447f0d84f310c7a8bb697ec417229e"},
    {file = "regex-2022.10.31-cp311-cp311-manylinux_2_17_s390x.manylinux2014_s390x.whl", hash = "sha256:76c598ca73ec73a2f568e2a72ba46c3b6c8690ad9a07092b18e48ceb936e9f0c"},
    {file = "regex-2022.10.31-cp311-cp311-manylinux_2_17_x86_64.manylinux2014_x86_64.whl", hash = "sha256:c28d3309ebd6d6b2cf82969b5179bed5fefe6142c70f354ece94324fa11bf6a1"},
    {file = "regex-2022.10.31-cp311-cp311-manylinux_2_5_i686.manylinux1_i686.manylinux_2_17_i686.manylinux2014_i686.whl", hash = "sha256:9af69f6746120998cd9c355e9c3c6aec7dff70d47247188feb4f829502be8ab4"},
    {file = "regex-2022.10.31-cp311-cp311-musllinux_1_1_aarch64.whl", hash = "sha256:a5f9505efd574d1e5b4a76ac9dd92a12acb2b309551e9aa874c13c11caefbe4f"},
    {file = "regex-2022.10.31-cp311-cp311-musllinux_1_1_i686.whl", hash = "sha256:5ff525698de226c0ca743bfa71fc6b378cda2ddcf0d22d7c37b1cc925c9650a5"},
    {file = "regex-2022.10.31-cp311-cp311-musllinux_1_1_ppc64le.whl", hash = "sha256:4fe7fda2fe7c8890d454f2cbc91d6c01baf206fbc96d89a80241a02985118c0c"},
    {file = "regex-2022.10.31-cp311-cp311-musllinux_1_1_s390x.whl", hash = "sha256:2cdc55ca07b4e70dda898d2ab7150ecf17c990076d3acd7a5f3b25cb23a69f1c"},
    {file = "regex-2022.10.31-cp311-cp311-musllinux_1_1_x86_64.whl", hash = "sha256:44a6c2f6374e0033873e9ed577a54a3602b4f609867794c1a3ebba65e4c93ee7"},
    {file = "regex-2022.10.31-cp311-cp311-win32.whl", hash = "sha256:d8716f82502997b3d0895d1c64c3b834181b1eaca28f3f6336a71777e437c2af"},
    {file = "regex-2022.10.31-cp311-cp311-win_amd64.whl", hash = "sha256:61edbca89aa3f5ef7ecac8c23d975fe7261c12665f1d90a6b1af527bba86ce61"},
    {file = "regex-2022.10.31-cp36-cp36m-macosx_10_9_x86_64.whl", hash = "sha256:0a069c8483466806ab94ea9068c34b200b8bfc66b6762f45a831c4baaa9e8cdd"},
    {file = "regex-2022.10.31-cp36-cp36m-manylinux_2_17_aarch64.manylinux2014_aarch64.whl", hash = "sha256:d26166acf62f731f50bdd885b04b38828436d74e8e362bfcb8df221d868b5d9b"},
    {file = "regex-2022.10.31-cp36-cp36m-manylinux_2_17_ppc64le.manylinux2014_ppc64le.whl", hash = "sha256:ac741bf78b9bb432e2d314439275235f41656e189856b11fb4e774d9f7246d81"},
    {file = "regex-2022.10.31-cp36-cp36m-manylinux_2_17_s390x.manylinux2014_s390x.whl", hash = "sha256:75f591b2055523fc02a4bbe598aa867df9e953255f0b7f7715d2a36a9c30065c"},
    {file = "regex-2022.10.31-cp36-cp36m-manylinux_2_17_x86_64.manylinux2014_x86_64.whl", hash = "sha256:6b30bddd61d2a3261f025ad0f9ee2586988c6a00c780a2fb0a92cea2aa702c54"},
    {file = "regex-2022.10.31-cp36-cp36m-manylinux_2_5_i686.manylinux1_i686.manylinux_2_17_i686.manylinux2014_i686.whl", hash = "sha256:ef4163770525257876f10e8ece1cf25b71468316f61451ded1a6f44273eedeb5"},
    {file = "regex-2022.10.31-cp36-cp36m-manylinux_2_5_x86_64.manylinux1_x86_64.manylinux_2_12_x86_64.manylinux2010_x86_64.whl", hash = "sha256:7b280948d00bd3973c1998f92e22aa3ecb76682e3a4255f33e1020bd32adf443"},
    {file = "regex-2022.10.31-cp36-cp36m-musllinux_1_1_aarch64.whl", hash = "sha256:d0213671691e341f6849bf33cd9fad21f7b1cb88b89e024f33370733fec58742"},
    {file = "regex-2022.10.31-cp36-cp36m-musllinux_1_1_i686.whl", hash = "sha256:22e7ebc231d28393dfdc19b185d97e14a0f178bedd78e85aad660e93b646604e"},
    {file = "regex-2022.10.31-cp36-cp36m-musllinux_1_1_ppc64le.whl", hash = "sha256:8ad241da7fac963d7573cc67a064c57c58766b62a9a20c452ca1f21050868dfa"},
    {file = "regex-2022.10.31-cp36-cp36m-musllinux_1_1_s390x.whl", hash = "sha256:586b36ebda81e6c1a9c5a5d0bfdc236399ba6595e1397842fd4a45648c30f35e"},
    {file = "regex-2022.10.31-cp36-cp36m-musllinux_1_1_x86_64.whl", hash = "sha256:0653d012b3bf45f194e5e6a41df9258811ac8fc395579fa82958a8b76286bea4"},
    {file = "regex-2022.10.31-cp36-cp36m-win32.whl", hash = "sha256:144486e029793a733e43b2e37df16a16df4ceb62102636ff3db6033994711066"},
    {file = "regex-2022.10.31-cp36-cp36m-win_amd64.whl", hash = "sha256:c14b63c9d7bab795d17392c7c1f9aaabbffd4cf4387725a0ac69109fb3b550c6"},
    {file = "regex-2022.10.31-cp37-cp37m-macosx_10_9_x86_64.whl", hash = "sha256:4cac3405d8dda8bc6ed499557625585544dd5cbf32072dcc72b5a176cb1271c8"},
    {file = "regex-2022.10.31-cp37-cp37m-manylinux_2_17_aarch64.manylinux2014_aarch64.whl", hash = "sha256:23cbb932cc53a86ebde0fb72e7e645f9a5eec1a5af7aa9ce333e46286caef783"},
    {file = "regex-2022.10.31-cp37-cp37m-manylinux_2_17_ppc64le.manylinux2014_ppc64le.whl", hash = "sha256:74bcab50a13960f2a610cdcd066e25f1fd59e23b69637c92ad470784a51b1347"},
    {file = "regex-2022.10.31-cp37-cp37m-manylinux_2_17_s390x.manylinux2014_s390x.whl", hash = "sha256:78d680ef3e4d405f36f0d6d1ea54e740366f061645930072d39bca16a10d8c93"},
    {file = "regex-2022.10.31-cp37-cp37m-manylinux_2_17_x86_64.manylinux2014_x86_64.whl", hash = "sha256:ce6910b56b700bea7be82c54ddf2e0ed792a577dfaa4a76b9af07d550af435c6"},
    {file = "regex-2022.10.31-cp37-cp37m-manylinux_2_5_i686.manylinux1_i686.manylinux_2_17_i686.manylinux2014_i686.whl", hash = "sha256:659175b2144d199560d99a8d13b2228b85e6019b6e09e556209dfb8c37b78a11"},
    {file = "regex-2022.10.31-cp37-cp37m-manylinux_2_5_x86_64.manylinux1_x86_64.manylinux_2_12_x86_64.manylinux2010_x86_64.whl", hash = "sha256:1ddf14031a3882f684b8642cb74eea3af93a2be68893901b2b387c5fd92a03ec"},
    {file = "regex-2022.10.31-cp37-cp37m-musllinux_1_1_aarch64.whl", hash = "sha256:b683e5fd7f74fb66e89a1ed16076dbab3f8e9f34c18b1979ded614fe10cdc4d9"},
    {file = "regex-2022.10.31-cp37-cp37m-musllinux_1_1_i686.whl", hash = "sha256:2bde29cc44fa81c0a0c8686992c3080b37c488df167a371500b2a43ce9f026d1"},
    {file = "regex-2022.10.31-cp37-cp37m-musllinux_1_1_ppc64le.whl", hash = "sha256:4919899577ba37f505aaebdf6e7dc812d55e8f097331312db7f1aab18767cce8"},
    {file = "regex-2022.10.31-cp37-cp37m-musllinux_1_1_s390x.whl", hash = "sha256:9c94f7cc91ab16b36ba5ce476f1904c91d6c92441f01cd61a8e2729442d6fcf5"},
    {file = "regex-2022.10.31-cp37-cp37m-musllinux_1_1_x86_64.whl", hash = "sha256:ae1e96785696b543394a4e3f15f3f225d44f3c55dafe3f206493031419fedf95"},
    {file = "regex-2022.10.31-cp37-cp37m-win32.whl", hash = "sha256:c670f4773f2f6f1957ff8a3962c7dd12e4be54d05839b216cb7fd70b5a1df394"},
    {file = "regex-2022.10.31-cp37-cp37m-win_amd64.whl", hash = "sha256:8e0caeff18b96ea90fc0eb6e3bdb2b10ab5b01a95128dfeccb64a7238decf5f0"},
    {file = "regex-2022.10.31-cp38-cp38-macosx_10_9_x86_64.whl", hash = "sha256:131d4be09bea7ce2577f9623e415cab287a3c8e0624f778c1d955ec7c281bd4d"},
    {file = "regex-2022.10.31-cp38-cp38-macosx_11_0_arm64.whl", hash = "sha256:e613a98ead2005c4ce037c7b061f2409a1a4e45099edb0ef3200ee26ed2a69a8"},
    {file = "regex-2022.10.31-cp38-cp38-manylinux_2_17_aarch64.manylinux2014_aarch64.whl", hash = "sha256:052b670fafbe30966bbe5d025e90b2a491f85dfe5b2583a163b5e60a85a321ad"},
    {file = "regex-2022.10.31-cp38-cp38-manylinux_2_17_ppc64le.manylinux2014_ppc64le.whl", hash = "sha256:aa62a07ac93b7cb6b7d0389d8ef57ffc321d78f60c037b19dfa78d6b17c928ee"},
    {file = "regex-2022.10.31-cp38-cp38-manylinux_2_17_s390x.manylinux2014_s390x.whl", hash = "sha256:5352bea8a8f84b89d45ccc503f390a6be77917932b1c98c4cdc3565137acc714"},
    {file = "regex-2022.10.31-cp38-cp38-manylinux_2_17_x86_64.manylinux2014_x86_64.whl", hash = "sha256:20f61c9944f0be2dc2b75689ba409938c14876c19d02f7585af4460b6a21403e"},
    {file = "regex-2022.10.31-cp38-cp38-manylinux_2_5_i686.manylinux1_i686.manylinux_2_17_i686.manylinux2014_i686.whl", hash = "sha256:29c04741b9ae13d1e94cf93fca257730b97ce6ea64cfe1eba11cf9ac4e85afb6"},
    {file = "regex-2022.10.31-cp38-cp38-manylinux_2_5_x86_64.manylinux1_x86_64.manylinux_2_12_x86_64.manylinux2010_x86_64.whl", hash = "sha256:543883e3496c8b6d58bd036c99486c3c8387c2fc01f7a342b760c1ea3158a318"},
    {file = "regex-2022.10.31-cp38-cp38-musllinux_1_1_aarch64.whl", hash = "sha256:b7a8b43ee64ca8f4befa2bea4083f7c52c92864d8518244bfa6e88c751fa8fff"},
    {file = "regex-2022.10.31-cp38-cp38-musllinux_1_1_i686.whl", hash = "sha256:6a9a19bea8495bb419dc5d38c4519567781cd8d571c72efc6aa959473d10221a"},
    {file = "regex-2022.10.31-cp38-cp38-musllinux_1_1_ppc64le.whl", hash = "sha256:6ffd55b5aedc6f25fd8d9f905c9376ca44fcf768673ffb9d160dd6f409bfda73"},
    {file = "regex-2022.10.31-cp38-cp38-musllinux_1_1_s390x.whl", hash = "sha256:4bdd56ee719a8f751cf5a593476a441c4e56c9b64dc1f0f30902858c4ef8771d"},
    {file = "regex-2022.10.31-cp38-cp38-musllinux_1_1_x86_64.whl", hash = "sha256:8ca88da1bd78990b536c4a7765f719803eb4f8f9971cc22d6ca965c10a7f2c4c"},
    {file = "regex-2022.10.31-cp38-cp38-win32.whl", hash = "sha256:5a260758454580f11dd8743fa98319bb046037dfab4f7828008909d0aa5292bc"},
    {file = "regex-2022.10.31-cp38-cp38-win_amd64.whl", hash = "sha256:5e6a5567078b3eaed93558842346c9d678e116ab0135e22eb72db8325e90b453"},
    {file = "regex-2022.10.31-cp39-cp39-macosx_10_9_x86_64.whl", hash = "sha256:5217c25229b6a85049416a5c1e6451e9060a1edcf988641e309dbe3ab26d3e49"},
    {file = "regex-2022.10.31-cp39-cp39-macosx_11_0_arm64.whl", hash = "sha256:4bf41b8b0a80708f7e0384519795e80dcb44d7199a35d52c15cc674d10b3081b"},
    {file = "regex-2022.10.31-cp39-cp39-manylinux_2_17_aarch64.manylinux2014_aarch64.whl", hash = "sha256:0cf0da36a212978be2c2e2e2d04bdff46f850108fccc1851332bcae51c8907cc"},
    {file = "regex-2022.10.31-cp39-cp39-manylinux_2_17_ppc64le.manylinux2014_ppc64le.whl", hash = "sha256:d403d781b0e06d2922435ce3b8d2376579f0c217ae491e273bab8d092727d244"},
    {file = "regex-2022.10.31-cp39-cp39-manylinux_2_17_s390x.manylinux2014_s390x.whl", hash = "sha256:a37d51fa9a00d265cf73f3de3930fa9c41548177ba4f0faf76e61d512c774690"},
    {file = "regex-2022.10.31-cp39-cp39-manylinux_2_17_x86_64.manylinux2014_x86_64.whl", hash = "sha256:e4f781ffedd17b0b834c8731b75cce2639d5a8afe961c1e58ee7f1f20b3af185"},
    {file = "regex-2022.10.31-cp39-cp39-manylinux_2_5_i686.manylinux1_i686.manylinux_2_17_i686.manylinux2014_i686.whl", hash = "sha256:d243b36fbf3d73c25e48014961e83c19c9cc92530516ce3c43050ea6276a2ab7"},
    {file = "regex-2022.10.31-cp39-cp39-manylinux_2_5_x86_64.manylinux1_x86_64.manylinux_2_12_x86_64.manylinux2010_x86_64.whl", hash = "sha256:370f6e97d02bf2dd20d7468ce4f38e173a124e769762d00beadec3bc2f4b3bc4"},
    {file = "regex-2022.10.31-cp39-cp39-musllinux_1_1_aarch64.whl", hash = "sha256:597f899f4ed42a38df7b0e46714880fb4e19a25c2f66e5c908805466721760f5"},
    {file = "regex-2022.10.31-cp39-cp39-musllinux_1_1_i686.whl", hash = "sha256:7dbdce0c534bbf52274b94768b3498abdf675a691fec5f751b6057b3030f34c1"},
    {file = "regex-2022.10.31-cp39-cp39-musllinux_1_1_ppc64le.whl", hash = "sha256:22960019a842777a9fa5134c2364efaed5fbf9610ddc5c904bd3a400973b0eb8"},
    {file = "regex-2022.10.31-cp39-cp39-musllinux_1_1_s390x.whl", hash = "sha256:7f5a3ffc731494f1a57bd91c47dc483a1e10048131ffb52d901bfe2beb6102e8"},
    {file = "regex-2022.10.31-cp39-cp39-musllinux_1_1_x86_64.whl", hash = "sha256:7ef6b5942e6bfc5706301a18a62300c60db9af7f6368042227ccb7eeb22d0892"},
    {file = "regex-2022.10.31-cp39-cp39-win32.whl", hash = "sha256:395161bbdbd04a8333b9ff9763a05e9ceb4fe210e3c7690f5e68cedd3d65d8e1"},
    {file = "regex-2022.10.31-cp39-cp39-win_amd64.whl", hash = "sha256:957403a978e10fb3ca42572a23e6f7badff39aa1ce2f4ade68ee452dc6807692"},
    {file = "regex-2022.10.31.tar.gz", hash = "sha256:a3a98921da9a1bf8457aeee6a551948a83601689e5ecdd736894ea9bbec77e83"},
]
requests = [
    {file = "requests-2.28.1-py3-none-any.whl", hash = "sha256:8fefa2a1a1365bf5520aac41836fbee479da67864514bdb821f31ce07ce65349"},
    {file = "requests-2.28.1.tar.gz", hash = "sha256:7c5599b102feddaa661c826c56ab4fee28bfd17f5abca1ebbe3e7f19d7c97983"},
]
setuptools = [
    {file = "setuptools-65.6.3-py3-none-any.whl", hash = "sha256:57f6f22bde4e042978bcd50176fdb381d7c21a9efa4041202288d3737a0c6a54"},
    {file = "setuptools-65.6.3.tar.gz", hash = "sha256:a7620757bf984b58deaf32fc8a4577a9bbc0850cf92c20e1ce41c38c19e5fb75"},
]
shtab = [
    {file = "shtab-1.5.8-py2.py3-none-any.whl", hash = "sha256:1d326ea131edbba96e0489470a2c969da1976a586a2d9376bb4923a6fe8eaae0"},
    {file = "shtab-1.5.8.tar.gz", hash = "sha256:1f944e2e33c1554be69e6b26ef638ba3b516ac9449fdd2a40d197f9061c8bed8"},
]
six = [
    {file = "six-1.16.0-py2.py3-none-any.whl", hash = "sha256:8abb2f1d86890a2dfb989f9a77cfcfd3e47c2a354b01111771326f8aa26e0254"},
    {file = "six-1.16.0.tar.gz", hash = "sha256:1e61c37477a1626458e36f7b1d82aa5c9b094fa4802892072e49de9c60c4c926"},
]
soupsieve = [
    {file = "soupsieve-2.3.2.post1-py3-none-any.whl", hash = "sha256:3b2503d3c7084a42b1ebd08116e5f81aadfaea95863628c80a3b774a11b7c759"},
    {file = "soupsieve-2.3.2.post1.tar.gz", hash = "sha256:fc53893b3da2c33de295667a0e19f078c14bf86544af307354de5fcf12a3f30d"},
]
tabulate = [
    {file = "tabulate-0.8.10-py3-none-any.whl", hash = "sha256:0ba055423dbaa164b9e456abe7920c5e8ed33fcc16f6d1b2f2d152c8e1e8b4fc"},
    {file = "tabulate-0.8.10.tar.gz", hash = "sha256:6c57f3f3dd7ac2782770155f3adb2db0b1a269637e42f27599925e64b114f519"},
]
Tempita = [
    {file = "Tempita-0.5.2-py3-none-any.whl", hash = "sha256:f4554840cb59c6b4a5df4fad27eea4e3cb47ca7089bfeefb5890ff1bb8af2117"},
    {file = "Tempita-0.5.2.tar.gz", hash = "sha256:cacecf0baa674d356641f1d406b8bff1d756d739c46b869a54de515d08e6fc9c"},
]
toml = [
    {file = "toml-0.10.2-py2.py3-none-any.whl", hash = "sha256:806143ae5bfb6a3c6e736a764057db0e6a0e05e338b5630894a5f779cabb4f9b"},
    {file = "toml-0.10.2.tar.gz", hash = "sha256:b3bda1d108d5dd99f4a20d24d9c348e91c4db7ab1b749200bded2f839ccbe68f"},
]
typing-extensions = [
    {file = "typing_extensions-4.4.0-py3-none-any.whl", hash = "sha256:16fa4864408f655d35ec496218b85f79b3437c829e93320c7c9215ccfd92489e"},
    {file = "typing_extensions-4.4.0.tar.gz", hash = "sha256:1511434bb92bf8dd198c12b1cc812e800d4181cfcb867674e0f8279cc93087aa"},
]
urllib3 = [
    {file = "urllib3-1.26.13-py2.py3-none-any.whl", hash = "sha256:47cc05d99aaa09c9e72ed5809b60e7ba354e64b59c9c173ac3018642d8bb41fc"},
    {file = "urllib3-1.26.13.tar.gz", hash = "sha256:c083dd0dce68dbfbe1129d5271cb90f9447dea7d52097c6e0126120c521ddea8"},
]
wcwidth = [
    {file = "wcwidth-0.2.5-py2.py3-none-any.whl", hash = "sha256:beb4802a9cebb9144e99086eff703a642a13d6a0052920003a230f3294bbe784"},
    {file = "wcwidth-0.2.5.tar.gz", hash = "sha256:c4d647b99872929fdb7bdcaa4fbe7f01413ed3d98077df798530e5b04f116c83"},
]
zipp = [
    {file = "zipp-3.11.0-py3-none-any.whl", hash = "sha256:83a28fcb75844b5c0cdaf5aa4003c2d728c77e05f5aeabe8e95e56727005fbaa"},
    {file = "zipp-3.11.0.tar.gz", hash = "sha256:a7a22e05929290a67401440b39690ae6563279bced5f314609d9d03798f56766"},
]
